// !$*UTF8*$!
{
	archiveVersion = 1;
	classes = {
	};
	objectVersion = 48;
	objects = {

/* Begin PBXBuildFile section */
		CB34CCEF20759ACA007AB7E6 /* CharacterDataController.m in Sources */ = {isa = PBXBuildFile; fileRef = CB34CCEE20759ACA007AB7E6 /* CharacterDataController.m */; };
		CB34CCF920759E27007AB7E6 /* AsyncTaskManager.m in Sources */ = {isa = PBXBuildFile; fileRef = CB34CCF820759E27007AB7E6 /* AsyncTaskManager.m */; };
		CB34CCFD2075BED4007AB7E6 /* LoadingView.m in Sources */ = {isa = PBXBuildFile; fileRef = CB34CCFB2075BED4007AB7E6 /* LoadingView.m */; };
		CB34CD002075CD20007AB7E6 /* UIImage+Processing.m in Sources */ = {isa = PBXBuildFile; fileRef = CB34CCFF2075CD20007AB7E6 /* UIImage+Processing.m */; };
		CB34CD032075D514007AB7E6 /* UIUtils.m in Sources */ = {isa = PBXBuildFile; fileRef = CB34CD022075D514007AB7E6 /* UIUtils.m */; };
		CB34CD092075E669007AB7E6 /* UIActivityIndicatorView+Loading.m in Sources */ = {isa = PBXBuildFile; fileRef = CB34CD082075E669007AB7E6 /* UIActivityIndicatorView+Loading.m */; };
		CB34CD0D2075EAB5007AB7E6 /* FlipPresentAnimationController.m in Sources */ = {isa = PBXBuildFile; fileRef = CB34CD0C2075EAB5007AB7E6 /* FlipPresentAnimationController.m */; };
		CB34CD322076263E007AB7E6 /* ImageTitleTableViewCell.m in Sources */ = {isa = PBXBuildFile; fileRef = CB34CD302076263E007AB7E6 /* ImageTitleTableViewCell.m */; };
		CB34CD332076263E007AB7E6 /* ImageTitleTableViewCell.xib in Resources */ = {isa = PBXBuildFile; fileRef = CB34CD312076263E007AB7E6 /* ImageTitleTableViewCell.xib */; };
		CB34CD3620762C0B007AB7E6 /* ImageSubtitleVM.m in Sources */ = {isa = PBXBuildFile; fileRef = CB34CD3520762C0B007AB7E6 /* ImageSubtitleVM.m */; };
		CB34CD3920762E26007AB7E6 /* CharacterDetailDataController.m in Sources */ = {isa = PBXBuildFile; fileRef = CB34CD3820762E26007AB7E6 /* CharacterDetailDataController.m */; };
		CB34CD3C207634B2007AB7E6 /* GroupImageSubtitleVM.m in Sources */ = {isa = PBXBuildFile; fileRef = CB34CD3B207634B2007AB7E6 /* GroupImageSubtitleVM.m */; };
		CB34CD40207684F6007AB7E6 /* FavouriteDataProvider.m in Sources */ = {isa = PBXBuildFile; fileRef = CB34CD3F207684F6007AB7E6 /* FavouriteDataProvider.m */; };
		CB34CD4420768BC3007AB7E6 /* NotificationName.m in Sources */ = {isa = PBXBuildFile; fileRef = CB34CD4320768BC3007AB7E6 /* NotificationName.m */; };
		CB35DA322075274A00440879 /* CharacterVM.m in Sources */ = {isa = PBXBuildFile; fileRef = CB35DA312075274A00440879 /* CharacterVM.m */; };
		CB35DA36207528B000440879 /* CharacterTableViewCell.m in Sources */ = {isa = PBXBuildFile; fileRef = CB35DA34207528B000440879 /* CharacterTableViewCell.m */; };
		CB35DA37207528B000440879 /* CharacterTableViewCell.xib in Resources */ = {isa = PBXBuildFile; fileRef = CB35DA35207528B000440879 /* CharacterTableViewCell.xib */; };
		CB51FC8720734A2F009303B4 /* AppDelegate.m in Sources */ = {isa = PBXBuildFile; fileRef = CB51FC8620734A2F009303B4 /* AppDelegate.m */; };
		CB51FC8A20734A2F009303B4 /* Marvel_Comics.xcdatamodeld in Sources */ = {isa = PBXBuildFile; fileRef = CB51FC8820734A2F009303B4 /* Marvel_Comics.xcdatamodeld */; };
		CB51FC8D20734A2F009303B4 /* MasterViewController.m in Sources */ = {isa = PBXBuildFile; fileRef = CB51FC8C20734A2F009303B4 /* MasterViewController.m */; };
		CB51FC9020734A2F009303B4 /* DetailViewController.m in Sources */ = {isa = PBXBuildFile; fileRef = CB51FC8F20734A2F009303B4 /* DetailViewController.m */; };
		CB51FC9320734A2F009303B4 /* Main.storyboard in Resources */ = {isa = PBXBuildFile; fileRef = CB51FC9120734A2F009303B4 /* Main.storyboard */; };
		CB51FC9520734A2F009303B4 /* Assets.xcassets in Resources */ = {isa = PBXBuildFile; fileRef = CB51FC9420734A2F009303B4 /* Assets.xcassets */; };
		CB51FC9820734A2F009303B4 /* LaunchScreen.storyboard in Resources */ = {isa = PBXBuildFile; fileRef = CB51FC9620734A2F009303B4 /* LaunchScreen.storyboard */; };
		CB51FC9B20734A2F009303B4 /* main.m in Sources */ = {isa = PBXBuildFile; fileRef = CB51FC9A20734A2F009303B4 /* main.m */; };
		CB51FCA520734A2F009303B4 /* Marvel_ComicsTests.m in Sources */ = {isa = PBXBuildFile; fileRef = CB51FCA420734A2F009303B4 /* Marvel_ComicsTests.m */; };
		CB51FCB020734A2F009303B4 /* Marvel_ComicsUITests.m in Sources */ = {isa = PBXBuildFile; fileRef = CB51FCAF20734A2F009303B4 /* Marvel_ComicsUITests.m */; };
		CB51FCC720734DD8009303B4 /* NetProvider.m in Sources */ = {isa = PBXBuildFile; fileRef = CB51FCC620734DD8009303B4 /* NetProvider.m */; };
		CB51FCCA20734F6E009303B4 /* RequestConfig.m in Sources */ = {isa = PBXBuildFile; fileRef = CB51FCC920734F6E009303B4 /* RequestConfig.m */; };
		CB51FCCE207352AE009303B4 /* LPHTTPSessionManager.m in Sources */ = {isa = PBXBuildFile; fileRef = CB51FCCD207352AE009303B4 /* LPHTTPSessionManager.m */; };
		CB51FCD22073531B009303B4 /* LPHTTPRequestSerializer.m in Sources */ = {isa = PBXBuildFile; fileRef = CB51FCD12073531B009303B4 /* LPHTTPRequestSerializer.m */; };
		CB51FCD520735584009303B4 /* LPJSONRequestSerializer.m in Sources */ = {isa = PBXBuildFile; fileRef = CB51FCD420735584009303B4 /* LPJSONRequestSerializer.m */; };
		CB51FCDB207365D3009303B4 /* HTTPMethod.m in Sources */ = {isa = PBXBuildFile; fileRef = CB51FCDA207365D3009303B4 /* HTTPMethod.m */; };
		CB51FCDE20736B31009303B4 /* LPHTTPResponseSerializer.m in Sources */ = {isa = PBXBuildFile; fileRef = CB51FCDD20736B31009303B4 /* LPHTTPResponseSerializer.m */; };
		CB51FCE120737604009303B4 /* LPJSONResponseSerializer.m in Sources */ = {isa = PBXBuildFile; fileRef = CB51FCE020737604009303B4 /* LPJSONResponseSerializer.m */; };
		CB51FCE5207380B8009303B4 /* RESTAPI.m in Sources */ = {isa = PBXBuildFile; fileRef = CB51FCE4207380B8009303B4 /* RESTAPI.m */; };
		CB51FCE820738C17009303B4 /* LogUtils.m in Sources */ = {isa = PBXBuildFile; fileRef = CB51FCE720738C17009303B4 /* LogUtils.m */; };
		CB51FCFC20745B31009303B4 /* JSONUtils.m in Sources */ = {isa = PBXBuildFile; fileRef = CB51FCFB20745B31009303B4 /* JSONUtils.m */; };
		CB51FCFF20745D0E009303B4 /* NSString+JSON.m in Sources */ = {isa = PBXBuildFile; fileRef = CB51FCFE20745D0E009303B4 /* NSString+JSON.m */; };
		CB51FD0220745EDF009303B4 /* NSObject+JSON.m in Sources */ = {isa = PBXBuildFile; fileRef = CB51FD0120745EDF009303B4 /* NSObject+JSON.m */; };
		CB51FD0520746506009303B4 /* MThumbnail.m in Sources */ = {isa = PBXBuildFile; fileRef = CB51FD0420746506009303B4 /* MThumbnail.m */; };
		CB51FD0A2074656D009303B4 /* ImageCacheManager.m in Sources */ = {isa = PBXBuildFile; fileRef = CB51FD092074656D009303B4 /* ImageCacheManager.m */; };
		CB51FD0D2074664C009303B4 /* AutoPurgeCache.m in Sources */ = {isa = PBXBuildFile; fileRef = CB51FD0C2074664C009303B4 /* AutoPurgeCache.m */; };
		CB51FD1320746C9D009303B4 /* LPImageCache.m in Sources */ = {isa = PBXBuildFile; fileRef = CB51FD1220746C9D009303B4 /* LPImageCache.m */; };
		CB51FD1620749151009303B4 /* MarvelNetProvider.m in Sources */ = {isa = PBXBuildFile; fileRef = CB51FD1520749151009303B4 /* MarvelNetProvider.m */; };
		CB51FD192074A839009303B4 /* NSString+MD5.m in Sources */ = {isa = PBXBuildFile; fileRef = CB51FD182074A839009303B4 /* NSString+MD5.m */; };
		CB51FD1D2074CA52009303B4 /* BaseResponse.m in Sources */ = {isa = PBXBuildFile; fileRef = CB51FD1C2074CA52009303B4 /* BaseResponse.m */; };
		CB51FD202074CB02009303B4 /* BaseResponseData.m in Sources */ = {isa = PBXBuildFile; fileRef = CB51FD1F2074CB02009303B4 /* BaseResponseData.m */; };
		CB51FD232074CFBA009303B4 /* MCharacter.m in Sources */ = {isa = PBXBuildFile; fileRef = CB51FD222074CFBA009303B4 /* MCharacter.m */; };
		CB51FD262074D0E6009303B4 /* MURL.m in Sources */ = {isa = PBXBuildFile; fileRef = CB51FD252074D0E6009303B4 /* MURL.m */; };
		CB51FD292074D1B5009303B4 /* MEvent.m in Sources */ = {isa = PBXBuildFile; fileRef = CB51FD282074D1B5009303B4 /* MEvent.m */; };
		CB51FD2C2074D1BF009303B4 /* MStory.m in Sources */ = {isa = PBXBuildFile; fileRef = CB51FD2B2074D1BF009303B4 /* MStory.m */; };
		CB51FD2F2074D1D1009303B4 /* MComic.m in Sources */ = {isa = PBXBuildFile; fileRef = CB51FD2E2074D1D0009303B4 /* MComic.m */; };
		CB51FD322074D225009303B4 /* MSeries.m in Sources */ = {isa = PBXBuildFile; fileRef = CB51FD312074D225009303B4 /* MSeries.m */; };
		CB51FD382074D655009303B4 /* MSummary.m in Sources */ = {isa = PBXBuildFile; fileRef = CB51FD372074D655009303B4 /* MSummary.m */; };
		CB51FD3B2074D79C009303B4 /* MStorySummary.m in Sources */ = {isa = PBXBuildFile; fileRef = CB51FD3A2074D79C009303B4 /* MStorySummary.m */; };
		CB51FD3E2074D7AA009303B4 /* MComicSummary.m in Sources */ = {isa = PBXBuildFile; fileRef = CB51FD3D2074D7AA009303B4 /* MComicSummary.m */; };
		CB51FD412074D7B7009303B4 /* MEventSummary.m in Sources */ = {isa = PBXBuildFile; fileRef = CB51FD402074D7B7009303B4 /* MEventSummary.m */; };
		CB51FD442074D7CD009303B4 /* MSeriesSummary.m in Sources */ = {isa = PBXBuildFile; fileRef = CB51FD432074D7CD009303B4 /* MSeriesSummary.m */; };
		CBBC3B46207700890023C855 /* GlobalConfig.m in Sources */ = {isa = PBXBuildFile; fileRef = CBBC3B45207700890023C855 /* GlobalConfig.m */; };
		CBBC3B49207706FA0023C855 /* UIIMageView+LPImageCache.m in Sources */ = {isa = PBXBuildFile; fileRef = CBBC3B48207706FA0023C855 /* UIIMageView+LPImageCache.m */; };
		CBBC3B52207728CF0023C855 /* LPImageDownloader.m in Sources */ = {isa = PBXBuildFile; fileRef = CBBC3B51207728CF0023C855 /* LPImageDownloader.m */; };
		CBBC3B55207730580023C855 /* LPImageDownloadOperation.m in Sources */ = {isa = PBXBuildFile; fileRef = CBBC3B54207730580023C855 /* LPImageDownloadOperation.m */; };
		CBBC3B58207764300023C855 /* MasterViewController+Search.m in Sources */ = {isa = PBXBuildFile; fileRef = CBBC3B57207764300023C855 /* MasterViewController+Search.m */; };
		CBC885DF2078C39300B4615E /* MMarvel.m in Sources */ = {isa = PBXBuildFile; fileRef = CBC885DE2078C39300B4615E /* MMarvel.m */; };
		CBC885E22078EC0D00B4615E /* CharacterDataProvider.m in Sources */ = {isa = PBXBuildFile; fileRef = CBC885E12078EC0D00B4615E /* CharacterDataProvider.m */; };
		CBF22C1A2077963800DF1EF6 /* NSString+Format.m in Sources */ = {isa = PBXBuildFile; fileRef = CBF22C192077963800DF1EF6 /* NSString+Format.m */; };
		CBF22C1D20779E7A00DF1EF6 /* NSString+URLEncode.m in Sources */ = {isa = PBXBuildFile; fileRef = CBF22C1C20779E7A00DF1EF6 /* NSString+URLEncode.m */; };
		CBF22C20207828E500DF1EF6 /* NSDictionary+URLEncodedString.m in Sources */ = {isa = PBXBuildFile; fileRef = CBF22C1F207828E500DF1EF6 /* NSDictionary+URLEncodedString.m */; };
		CBF22C24207835A300DF1EF6 /* BaseRequest.m in Sources */ = {isa = PBXBuildFile; fileRef = CBF22C23207835A300DF1EF6 /* BaseRequest.m */; };
		CBF22C272078387F00DF1EF6 /* NSObject+NSDictionary.m in Sources */ = {isa = PBXBuildFile; fileRef = CBF22C262078387F00DF1EF6 /* NSObject+NSDictionary.m */; };
		CBF22C2A2078397500DF1EF6 /* CharacterListRequest.m in Sources */ = {isa = PBXBuildFile; fileRef = CBF22C292078397500DF1EF6 /* CharacterListRequest.m */; };
/* End PBXBuildFile section */

/* Begin PBXContainerItemProxy section */
		CB51FCA120734A2F009303B4 /* PBXContainerItemProxy */ = {
			isa = PBXContainerItemProxy;
			containerPortal = CB51FC7A20734A2F009303B4 /* Project object */;
			proxyType = 1;
			remoteGlobalIDString = CB51FC8120734A2F009303B4;
			remoteInfo = "Marvel Comics";
		};
		CB51FCAC20734A2F009303B4 /* PBXContainerItemProxy */ = {
			isa = PBXContainerItemProxy;
			containerPortal = CB51FC7A20734A2F009303B4 /* Project object */;
			proxyType = 1;
			remoteGlobalIDString = CB51FC8120734A2F009303B4;
			remoteInfo = "Marvel Comics";
		};
/* End PBXContainerItemProxy section */

/* Begin PBXFileReference section */
		CB34CCED20759ACA007AB7E6 /* CharacterDataController.h */ = {isa = PBXFileReference; lastKnownFileType = sourcecode.c.h; path = CharacterDataController.h; sourceTree = "<group>"; };
		CB34CCEE20759ACA007AB7E6 /* CharacterDataController.m */ = {isa = PBXFileReference; lastKnownFileType = sourcecode.c.objc; path = CharacterDataController.m; sourceTree = "<group>"; };
		CB34CCF020759BBC007AB7E6 /* DataControllerProtocol.h */ = {isa = PBXFileReference; lastKnownFileType = sourcecode.c.h; path = DataControllerProtocol.h; sourceTree = "<group>"; };
		CB34CCF720759E27007AB7E6 /* AsyncTaskManager.h */ = {isa = PBXFileReference; lastKnownFileType = sourcecode.c.h; path = AsyncTaskManager.h; sourceTree = "<group>"; };
		CB34CCF820759E27007AB7E6 /* AsyncTaskManager.m */ = {isa = PBXFileReference; lastKnownFileType = sourcecode.c.objc; path = AsyncTaskManager.m; sourceTree = "<group>"; };
		CB34CCFB2075BED4007AB7E6 /* LoadingView.m */ = {isa = PBXFileReference; fileEncoding = 4; lastKnownFileType = sourcecode.c.objc; path = LoadingView.m; sourceTree = "<group>"; };
		CB34CCFC2075BED4007AB7E6 /* LoadingView.h */ = {isa = PBXFileReference; fileEncoding = 4; lastKnownFileType = sourcecode.c.h; path = LoadingView.h; sourceTree = "<group>"; };
		CB34CCFE2075CD20007AB7E6 /* UIImage+Processing.h */ = {isa = PBXFileReference; lastKnownFileType = sourcecode.c.h; path = "UIImage+Processing.h"; sourceTree = "<group>"; };
		CB34CCFF2075CD20007AB7E6 /* UIImage+Processing.m */ = {isa = PBXFileReference; lastKnownFileType = sourcecode.c.objc; path = "UIImage+Processing.m"; sourceTree = "<group>"; };
		CB34CD012075D514007AB7E6 /* UIUtils.h */ = {isa = PBXFileReference; lastKnownFileType = sourcecode.c.h; path = UIUtils.h; sourceTree = "<group>"; };
		CB34CD022075D514007AB7E6 /* UIUtils.m */ = {isa = PBXFileReference; lastKnownFileType = sourcecode.c.objc; path = UIUtils.m; sourceTree = "<group>"; };
		CB34CD072075E669007AB7E6 /* UIActivityIndicatorView+Loading.h */ = {isa = PBXFileReference; lastKnownFileType = sourcecode.c.h; path = "UIActivityIndicatorView+Loading.h"; sourceTree = "<group>"; };
		CB34CD082075E669007AB7E6 /* UIActivityIndicatorView+Loading.m */ = {isa = PBXFileReference; lastKnownFileType = sourcecode.c.objc; path = "UIActivityIndicatorView+Loading.m"; sourceTree = "<group>"; };
		CB34CD0B2075EAB5007AB7E6 /* FlipPresentAnimationController.h */ = {isa = PBXFileReference; lastKnownFileType = sourcecode.c.h; path = FlipPresentAnimationController.h; sourceTree = "<group>"; };
		CB34CD0C2075EAB5007AB7E6 /* FlipPresentAnimationController.m */ = {isa = PBXFileReference; lastKnownFileType = sourcecode.c.objc; path = FlipPresentAnimationController.m; sourceTree = "<group>"; };
		CB34CD2F2076263E007AB7E6 /* ImageTitleTableViewCell.h */ = {isa = PBXFileReference; lastKnownFileType = sourcecode.c.h; path = ImageTitleTableViewCell.h; sourceTree = "<group>"; };
		CB34CD302076263E007AB7E6 /* ImageTitleTableViewCell.m */ = {isa = PBXFileReference; lastKnownFileType = sourcecode.c.objc; path = ImageTitleTableViewCell.m; sourceTree = "<group>"; };
		CB34CD312076263E007AB7E6 /* ImageTitleTableViewCell.xib */ = {isa = PBXFileReference; lastKnownFileType = file.xib; path = ImageTitleTableViewCell.xib; sourceTree = "<group>"; };
		CB34CD3420762C0B007AB7E6 /* ImageSubtitleVM.h */ = {isa = PBXFileReference; lastKnownFileType = sourcecode.c.h; path = ImageSubtitleVM.h; sourceTree = "<group>"; };
		CB34CD3520762C0B007AB7E6 /* ImageSubtitleVM.m */ = {isa = PBXFileReference; lastKnownFileType = sourcecode.c.objc; path = ImageSubtitleVM.m; sourceTree = "<group>"; };
		CB34CD3720762E26007AB7E6 /* CharacterDetailDataController.h */ = {isa = PBXFileReference; lastKnownFileType = sourcecode.c.h; path = CharacterDetailDataController.h; sourceTree = "<group>"; };
		CB34CD3820762E26007AB7E6 /* CharacterDetailDataController.m */ = {isa = PBXFileReference; lastKnownFileType = sourcecode.c.objc; path = CharacterDetailDataController.m; sourceTree = "<group>"; };
		CB34CD3A207634B2007AB7E6 /* GroupImageSubtitleVM.h */ = {isa = PBXFileReference; lastKnownFileType = sourcecode.c.h; path = GroupImageSubtitleVM.h; sourceTree = "<group>"; };
		CB34CD3B207634B2007AB7E6 /* GroupImageSubtitleVM.m */ = {isa = PBXFileReference; lastKnownFileType = sourcecode.c.objc; path = GroupImageSubtitleVM.m; sourceTree = "<group>"; };
		CB34CD3E207684F6007AB7E6 /* FavouriteDataProvider.h */ = {isa = PBXFileReference; lastKnownFileType = sourcecode.c.h; path = FavouriteDataProvider.h; sourceTree = "<group>"; };
		CB34CD3F207684F6007AB7E6 /* FavouriteDataProvider.m */ = {isa = PBXFileReference; lastKnownFileType = sourcecode.c.objc; path = FavouriteDataProvider.m; sourceTree = "<group>"; };
		CB34CD4220768BC3007AB7E6 /* NotificationName.h */ = {isa = PBXFileReference; lastKnownFileType = sourcecode.c.h; path = NotificationName.h; sourceTree = "<group>"; };
		CB34CD4320768BC3007AB7E6 /* NotificationName.m */ = {isa = PBXFileReference; lastKnownFileType = sourcecode.c.objc; path = NotificationName.m; sourceTree = "<group>"; };
		CB35DA302075274A00440879 /* CharacterVM.h */ = {isa = PBXFileReference; lastKnownFileType = sourcecode.c.h; path = CharacterVM.h; sourceTree = "<group>"; };
		CB35DA312075274A00440879 /* CharacterVM.m */ = {isa = PBXFileReference; lastKnownFileType = sourcecode.c.objc; path = CharacterVM.m; sourceTree = "<group>"; };
		CB35DA33207528B000440879 /* CharacterTableViewCell.h */ = {isa = PBXFileReference; lastKnownFileType = sourcecode.c.h; path = CharacterTableViewCell.h; sourceTree = "<group>"; };
		CB35DA34207528B000440879 /* CharacterTableViewCell.m */ = {isa = PBXFileReference; lastKnownFileType = sourcecode.c.objc; path = CharacterTableViewCell.m; sourceTree = "<group>"; };
		CB35DA35207528B000440879 /* CharacterTableViewCell.xib */ = {isa = PBXFileReference; lastKnownFileType = file.xib; path = CharacterTableViewCell.xib; sourceTree = "<group>"; };
		CB51FC8220734A2F009303B4 /* Marvel Comics.app */ = {isa = PBXFileReference; explicitFileType = wrapper.application; includeInIndex = 0; path = "Marvel Comics.app"; sourceTree = BUILT_PRODUCTS_DIR; };
		CB51FC8520734A2F009303B4 /* AppDelegate.h */ = {isa = PBXFileReference; lastKnownFileType = sourcecode.c.h; path = AppDelegate.h; sourceTree = "<group>"; };
		CB51FC8620734A2F009303B4 /* AppDelegate.m */ = {isa = PBXFileReference; lastKnownFileType = sourcecode.c.objc; path = AppDelegate.m; sourceTree = "<group>"; };
		CB51FC8920734A2F009303B4 /* Marvel_Comics.xcdatamodel */ = {isa = PBXFileReference; lastKnownFileType = wrapper.xcdatamodel; path = Marvel_Comics.xcdatamodel; sourceTree = "<group>"; };
		CB51FC8B20734A2F009303B4 /* MasterViewController.h */ = {isa = PBXFileReference; lastKnownFileType = sourcecode.c.h; path = MasterViewController.h; sourceTree = "<group>"; };
		CB51FC8C20734A2F009303B4 /* MasterViewController.m */ = {isa = PBXFileReference; lastKnownFileType = sourcecode.c.objc; path = MasterViewController.m; sourceTree = "<group>"; };
		CB51FC8E20734A2F009303B4 /* DetailViewController.h */ = {isa = PBXFileReference; lastKnownFileType = sourcecode.c.h; path = DetailViewController.h; sourceTree = "<group>"; };
		CB51FC8F20734A2F009303B4 /* DetailViewController.m */ = {isa = PBXFileReference; lastKnownFileType = sourcecode.c.objc; path = DetailViewController.m; sourceTree = "<group>"; };
		CB51FC9220734A2F009303B4 /* Base */ = {isa = PBXFileReference; lastKnownFileType = file.storyboard; name = Base; path = Base.lproj/Main.storyboard; sourceTree = "<group>"; };
		CB51FC9420734A2F009303B4 /* Assets.xcassets */ = {isa = PBXFileReference; lastKnownFileType = folder.assetcatalog; path = Assets.xcassets; sourceTree = "<group>"; };
		CB51FC9720734A2F009303B4 /* Base */ = {isa = PBXFileReference; lastKnownFileType = file.storyboard; name = Base; path = Base.lproj/LaunchScreen.storyboard; sourceTree = "<group>"; };
		CB51FC9920734A2F009303B4 /* Info.plist */ = {isa = PBXFileReference; lastKnownFileType = text.plist.xml; path = Info.plist; sourceTree = "<group>"; };
		CB51FC9A20734A2F009303B4 /* main.m */ = {isa = PBXFileReference; lastKnownFileType = sourcecode.c.objc; path = main.m; sourceTree = "<group>"; };
		CB51FCA020734A2F009303B4 /* Marvel ComicsTests.xctest */ = {isa = PBXFileReference; explicitFileType = wrapper.cfbundle; includeInIndex = 0; path = "Marvel ComicsTests.xctest"; sourceTree = BUILT_PRODUCTS_DIR; };
		CB51FCA420734A2F009303B4 /* Marvel_ComicsTests.m */ = {isa = PBXFileReference; lastKnownFileType = sourcecode.c.objc; path = Marvel_ComicsTests.m; sourceTree = "<group>"; };
		CB51FCA620734A2F009303B4 /* Info.plist */ = {isa = PBXFileReference; lastKnownFileType = text.plist.xml; path = Info.plist; sourceTree = "<group>"; };
		CB51FCAB20734A2F009303B4 /* Marvel ComicsUITests.xctest */ = {isa = PBXFileReference; explicitFileType = wrapper.cfbundle; includeInIndex = 0; path = "Marvel ComicsUITests.xctest"; sourceTree = BUILT_PRODUCTS_DIR; };
		CB51FCAF20734A2F009303B4 /* Marvel_ComicsUITests.m */ = {isa = PBXFileReference; lastKnownFileType = sourcecode.c.objc; path = Marvel_ComicsUITests.m; sourceTree = "<group>"; };
		CB51FCB120734A2F009303B4 /* Info.plist */ = {isa = PBXFileReference; lastKnownFileType = text.plist.xml; path = Info.plist; sourceTree = "<group>"; };
		CB51FCC520734DD8009303B4 /* NetProvider.h */ = {isa = PBXFileReference; lastKnownFileType = sourcecode.c.h; path = NetProvider.h; sourceTree = "<group>"; };
		CB51FCC620734DD8009303B4 /* NetProvider.m */ = {isa = PBXFileReference; lastKnownFileType = sourcecode.c.objc; path = NetProvider.m; sourceTree = "<group>"; };
		CB51FCC820734F6E009303B4 /* RequestConfig.h */ = {isa = PBXFileReference; lastKnownFileType = sourcecode.c.h; path = RequestConfig.h; sourceTree = "<group>"; };
		CB51FCC920734F6E009303B4 /* RequestConfig.m */ = {isa = PBXFileReference; lastKnownFileType = sourcecode.c.objc; path = RequestConfig.m; sourceTree = "<group>"; };
		CB51FCCC207352AE009303B4 /* LPHTTPSessionManager.h */ = {isa = PBXFileReference; lastKnownFileType = sourcecode.c.h; path = LPHTTPSessionManager.h; sourceTree = "<group>"; };
		CB51FCCD207352AE009303B4 /* LPHTTPSessionManager.m */ = {isa = PBXFileReference; lastKnownFileType = sourcecode.c.objc; path = LPHTTPSessionManager.m; sourceTree = "<group>"; };
		CB51FCD02073531B009303B4 /* LPHTTPRequestSerializer.h */ = {isa = PBXFileReference; lastKnownFileType = sourcecode.c.h; path = LPHTTPRequestSerializer.h; sourceTree = "<group>"; };
		CB51FCD12073531B009303B4 /* LPHTTPRequestSerializer.m */ = {isa = PBXFileReference; lastKnownFileType = sourcecode.c.objc; path = LPHTTPRequestSerializer.m; sourceTree = "<group>"; };
		CB51FCD320735584009303B4 /* LPJSONRequestSerializer.h */ = {isa = PBXFileReference; lastKnownFileType = sourcecode.c.h; path = LPJSONRequestSerializer.h; sourceTree = "<group>"; };
		CB51FCD420735584009303B4 /* LPJSONRequestSerializer.m */ = {isa = PBXFileReference; lastKnownFileType = sourcecode.c.objc; path = LPJSONRequestSerializer.m; sourceTree = "<group>"; };
		CB51FCD9207365D3009303B4 /* HTTPMethod.h */ = {isa = PBXFileReference; lastKnownFileType = sourcecode.c.h; path = HTTPMethod.h; sourceTree = "<group>"; };
		CB51FCDA207365D3009303B4 /* HTTPMethod.m */ = {isa = PBXFileReference; lastKnownFileType = sourcecode.c.objc; path = HTTPMethod.m; sourceTree = "<group>"; };
		CB51FCDC20736B31009303B4 /* LPHTTPResponseSerializer.h */ = {isa = PBXFileReference; lastKnownFileType = sourcecode.c.h; path = LPHTTPResponseSerializer.h; sourceTree = "<group>"; };
		CB51FCDD20736B31009303B4 /* LPHTTPResponseSerializer.m */ = {isa = PBXFileReference; lastKnownFileType = sourcecode.c.objc; path = LPHTTPResponseSerializer.m; sourceTree = "<group>"; };
		CB51FCDF20737604009303B4 /* LPJSONResponseSerializer.h */ = {isa = PBXFileReference; lastKnownFileType = sourcecode.c.h; path = LPJSONResponseSerializer.h; sourceTree = "<group>"; };
		CB51FCE020737604009303B4 /* LPJSONResponseSerializer.m */ = {isa = PBXFileReference; lastKnownFileType = sourcecode.c.objc; path = LPJSONResponseSerializer.m; sourceTree = "<group>"; };
		CB51FCE3207380B8009303B4 /* RESTAPI.h */ = {isa = PBXFileReference; lastKnownFileType = sourcecode.c.h; path = RESTAPI.h; sourceTree = "<group>"; };
		CB51FCE4207380B8009303B4 /* RESTAPI.m */ = {isa = PBXFileReference; lastKnownFileType = sourcecode.c.objc; path = RESTAPI.m; sourceTree = "<group>"; };
		CB51FCE620738C17009303B4 /* LogUtils.h */ = {isa = PBXFileReference; lastKnownFileType = sourcecode.c.h; path = LogUtils.h; sourceTree = "<group>"; };
		CB51FCE720738C17009303B4 /* LogUtils.m */ = {isa = PBXFileReference; lastKnownFileType = sourcecode.c.objc; path = LogUtils.m; sourceTree = "<group>"; };
		CB51FCEB20738CA1009303B4 /* Marvel.pch */ = {isa = PBXFileReference; lastKnownFileType = sourcecode.c.h; path = Marvel.pch; sourceTree = "<group>"; };
		CB51FCF72074592A009303B4 /* JSON2Model.h */ = {isa = PBXFileReference; lastKnownFileType = sourcecode.c.h; path = JSON2Model.h; sourceTree = "<group>"; };
		CB51FCFA20745B31009303B4 /* JSONUtils.h */ = {isa = PBXFileReference; lastKnownFileType = sourcecode.c.h; path = JSONUtils.h; sourceTree = "<group>"; };
		CB51FCFB20745B31009303B4 /* JSONUtils.m */ = {isa = PBXFileReference; lastKnownFileType = sourcecode.c.objc; path = JSONUtils.m; sourceTree = "<group>"; };
		CB51FCFD20745D0E009303B4 /* NSString+JSON.h */ = {isa = PBXFileReference; lastKnownFileType = sourcecode.c.h; path = "NSString+JSON.h"; sourceTree = "<group>"; };
		CB51FCFE20745D0E009303B4 /* NSString+JSON.m */ = {isa = PBXFileReference; lastKnownFileType = sourcecode.c.objc; path = "NSString+JSON.m"; sourceTree = "<group>"; };
		CB51FD0020745EDF009303B4 /* NSObject+JSON.h */ = {isa = PBXFileReference; lastKnownFileType = sourcecode.c.h; path = "NSObject+JSON.h"; sourceTree = "<group>"; };
		CB51FD0120745EDF009303B4 /* NSObject+JSON.m */ = {isa = PBXFileReference; lastKnownFileType = sourcecode.c.objc; path = "NSObject+JSON.m"; sourceTree = "<group>"; };
		CB51FD0320746506009303B4 /* MThumbnail.h */ = {isa = PBXFileReference; lastKnownFileType = sourcecode.c.h; path = MThumbnail.h; sourceTree = "<group>"; };
		CB51FD0420746506009303B4 /* MThumbnail.m */ = {isa = PBXFileReference; lastKnownFileType = sourcecode.c.objc; path = MThumbnail.m; sourceTree = "<group>"; };
		CB51FD082074656D009303B4 /* ImageCacheManager.h */ = {isa = PBXFileReference; lastKnownFileType = sourcecode.c.h; path = ImageCacheManager.h; sourceTree = "<group>"; };
		CB51FD092074656D009303B4 /* ImageCacheManager.m */ = {isa = PBXFileReference; lastKnownFileType = sourcecode.c.objc; path = ImageCacheManager.m; sourceTree = "<group>"; };
		CB51FD0B2074664C009303B4 /* AutoPurgeCache.h */ = {isa = PBXFileReference; lastKnownFileType = sourcecode.c.h; path = AutoPurgeCache.h; sourceTree = "<group>"; };
		CB51FD0C2074664C009303B4 /* AutoPurgeCache.m */ = {isa = PBXFileReference; lastKnownFileType = sourcecode.c.objc; path = AutoPurgeCache.m; sourceTree = "<group>"; };
		CB51FD1120746C9D009303B4 /* LPImageCache.h */ = {isa = PBXFileReference; lastKnownFileType = sourcecode.c.h; path = LPImageCache.h; sourceTree = "<group>"; };
		CB51FD1220746C9D009303B4 /* LPImageCache.m */ = {isa = PBXFileReference; lastKnownFileType = sourcecode.c.objc; path = LPImageCache.m; sourceTree = "<group>"; };
		CB51FD1420749151009303B4 /* MarvelNetProvider.h */ = {isa = PBXFileReference; lastKnownFileType = sourcecode.c.h; path = MarvelNetProvider.h; sourceTree = "<group>"; };
		CB51FD1520749151009303B4 /* MarvelNetProvider.m */ = {isa = PBXFileReference; lastKnownFileType = sourcecode.c.objc; path = MarvelNetProvider.m; sourceTree = "<group>"; };
		CB51FD172074A839009303B4 /* NSString+MD5.h */ = {isa = PBXFileReference; lastKnownFileType = sourcecode.c.h; path = "NSString+MD5.h"; sourceTree = "<group>"; };
		CB51FD182074A839009303B4 /* NSString+MD5.m */ = {isa = PBXFileReference; lastKnownFileType = sourcecode.c.objc; path = "NSString+MD5.m"; sourceTree = "<group>"; };
		CB51FD1B2074CA52009303B4 /* BaseResponse.h */ = {isa = PBXFileReference; lastKnownFileType = sourcecode.c.h; path = BaseResponse.h; sourceTree = "<group>"; };
		CB51FD1C2074CA52009303B4 /* BaseResponse.m */ = {isa = PBXFileReference; lastKnownFileType = sourcecode.c.objc; path = BaseResponse.m; sourceTree = "<group>"; };
		CB51FD1E2074CB02009303B4 /* BaseResponseData.h */ = {isa = PBXFileReference; lastKnownFileType = sourcecode.c.h; path = BaseResponseData.h; sourceTree = "<group>"; };
		CB51FD1F2074CB02009303B4 /* BaseResponseData.m */ = {isa = PBXFileReference; lastKnownFileType = sourcecode.c.objc; path = BaseResponseData.m; sourceTree = "<group>"; };
		CB51FD212074CFBA009303B4 /* MCharacter.h */ = {isa = PBXFileReference; lastKnownFileType = sourcecode.c.h; path = MCharacter.h; sourceTree = "<group>"; };
		CB51FD222074CFBA009303B4 /* MCharacter.m */ = {isa = PBXFileReference; lastKnownFileType = sourcecode.c.objc; path = MCharacter.m; sourceTree = "<group>"; };
		CB51FD242074D0E6009303B4 /* MURL.h */ = {isa = PBXFileReference; lastKnownFileType = sourcecode.c.h; path = MURL.h; sourceTree = "<group>"; };
		CB51FD252074D0E6009303B4 /* MURL.m */ = {isa = PBXFileReference; lastKnownFileType = sourcecode.c.objc; path = MURL.m; sourceTree = "<group>"; };
		CB51FD272074D1B5009303B4 /* MEvent.h */ = {isa = PBXFileReference; lastKnownFileType = sourcecode.c.h; path = MEvent.h; sourceTree = "<group>"; };
		CB51FD282074D1B5009303B4 /* MEvent.m */ = {isa = PBXFileReference; lastKnownFileType = sourcecode.c.objc; path = MEvent.m; sourceTree = "<group>"; };
		CB51FD2A2074D1BF009303B4 /* MStory.h */ = {isa = PBXFileReference; lastKnownFileType = sourcecode.c.h; path = MStory.h; sourceTree = "<group>"; };
		CB51FD2B2074D1BF009303B4 /* MStory.m */ = {isa = PBXFileReference; lastKnownFileType = sourcecode.c.objc; path = MStory.m; sourceTree = "<group>"; };
		CB51FD2D2074D1D0009303B4 /* MComic.h */ = {isa = PBXFileReference; lastKnownFileType = sourcecode.c.h; path = MComic.h; sourceTree = "<group>"; };
		CB51FD2E2074D1D0009303B4 /* MComic.m */ = {isa = PBXFileReference; lastKnownFileType = sourcecode.c.objc; path = MComic.m; sourceTree = "<group>"; };
		CB51FD302074D225009303B4 /* MSeries.h */ = {isa = PBXFileReference; lastKnownFileType = sourcecode.c.h; path = MSeries.h; sourceTree = "<group>"; };
		CB51FD312074D225009303B4 /* MSeries.m */ = {isa = PBXFileReference; lastKnownFileType = sourcecode.c.objc; path = MSeries.m; sourceTree = "<group>"; };
		CB51FD362074D655009303B4 /* MSummary.h */ = {isa = PBXFileReference; lastKnownFileType = sourcecode.c.h; path = MSummary.h; sourceTree = "<group>"; };
		CB51FD372074D655009303B4 /* MSummary.m */ = {isa = PBXFileReference; lastKnownFileType = sourcecode.c.objc; path = MSummary.m; sourceTree = "<group>"; };
		CB51FD392074D79C009303B4 /* MStorySummary.h */ = {isa = PBXFileReference; lastKnownFileType = sourcecode.c.h; path = MStorySummary.h; sourceTree = "<group>"; };
		CB51FD3A2074D79C009303B4 /* MStorySummary.m */ = {isa = PBXFileReference; lastKnownFileType = sourcecode.c.objc; path = MStorySummary.m; sourceTree = "<group>"; };
		CB51FD3C2074D7AA009303B4 /* MComicSummary.h */ = {isa = PBXFileReference; lastKnownFileType = sourcecode.c.h; path = MComicSummary.h; sourceTree = "<group>"; };
		CB51FD3D2074D7AA009303B4 /* MComicSummary.m */ = {isa = PBXFileReference; lastKnownFileType = sourcecode.c.objc; path = MComicSummary.m; sourceTree = "<group>"; };
		CB51FD3F2074D7B7009303B4 /* MEventSummary.h */ = {isa = PBXFileReference; lastKnownFileType = sourcecode.c.h; path = MEventSummary.h; sourceTree = "<group>"; };
		CB51FD402074D7B7009303B4 /* MEventSummary.m */ = {isa = PBXFileReference; lastKnownFileType = sourcecode.c.objc; path = MEventSummary.m; sourceTree = "<group>"; };
		CB51FD422074D7CD009303B4 /* MSeriesSummary.h */ = {isa = PBXFileReference; lastKnownFileType = sourcecode.c.h; path = MSeriesSummary.h; sourceTree = "<group>"; };
		CB51FD432074D7CD009303B4 /* MSeriesSummary.m */ = {isa = PBXFileReference; lastKnownFileType = sourcecode.c.objc; path = MSeriesSummary.m; sourceTree = "<group>"; };
		CBBC3B44207700890023C855 /* GlobalConfig.h */ = {isa = PBXFileReference; lastKnownFileType = sourcecode.c.h; path = GlobalConfig.h; sourceTree = "<group>"; };
		CBBC3B45207700890023C855 /* GlobalConfig.m */ = {isa = PBXFileReference; lastKnownFileType = sourcecode.c.objc; path = GlobalConfig.m; sourceTree = "<group>"; };
		CBBC3B47207706FA0023C855 /* UIIMageView+LPImageCache.h */ = {isa = PBXFileReference; lastKnownFileType = sourcecode.c.h; path = "UIIMageView+LPImageCache.h"; sourceTree = "<group>"; };
		CBBC3B48207706FA0023C855 /* UIIMageView+LPImageCache.m */ = {isa = PBXFileReference; lastKnownFileType = sourcecode.c.objc; path = "UIIMageView+LPImageCache.m"; sourceTree = "<group>"; };
		CBBC3B4A2077271B0023C855 /* LPWebImageOperation.h */ = {isa = PBXFileReference; lastKnownFileType = sourcecode.c.h; path = LPWebImageOperation.h; sourceTree = "<group>"; };
		CBBC3B50207728CF0023C855 /* LPImageDownloader.h */ = {isa = PBXFileReference; lastKnownFileType = sourcecode.c.h; path = LPImageDownloader.h; sourceTree = "<group>"; };
		CBBC3B51207728CF0023C855 /* LPImageDownloader.m */ = {isa = PBXFileReference; lastKnownFileType = sourcecode.c.objc; path = LPImageDownloader.m; sourceTree = "<group>"; };
		CBBC3B53207730580023C855 /* LPImageDownloadOperation.h */ = {isa = PBXFileReference; lastKnownFileType = sourcecode.c.h; path = LPImageDownloadOperation.h; sourceTree = "<group>"; };
		CBBC3B54207730580023C855 /* LPImageDownloadOperation.m */ = {isa = PBXFileReference; lastKnownFileType = sourcecode.c.objc; path = LPImageDownloadOperation.m; sourceTree = "<group>"; };
		CBBC3B56207764300023C855 /* MasterViewController+Search.h */ = {isa = PBXFileReference; lastKnownFileType = sourcecode.c.h; path = "MasterViewController+Search.h"; sourceTree = "<group>"; };
		CBBC3B57207764300023C855 /* MasterViewController+Search.m */ = {isa = PBXFileReference; lastKnownFileType = sourcecode.c.objc; path = "MasterViewController+Search.m"; sourceTree = "<group>"; };
		CBC885DD2078C39300B4615E /* MMarvel.h */ = {isa = PBXFileReference; lastKnownFileType = sourcecode.c.h; path = MMarvel.h; sourceTree = "<group>"; };
		CBC885DE2078C39300B4615E /* MMarvel.m */ = {isa = PBXFileReference; lastKnownFileType = sourcecode.c.objc; path = MMarvel.m; sourceTree = "<group>"; };
		CBC885E02078EC0D00B4615E /* CharacterDataProvider.h */ = {isa = PBXFileReference; lastKnownFileType = sourcecode.c.h; path = CharacterDataProvider.h; sourceTree = "<group>"; };
		CBC885E12078EC0D00B4615E /* CharacterDataProvider.m */ = {isa = PBXFileReference; lastKnownFileType = sourcecode.c.objc; path = CharacterDataProvider.m; sourceTree = "<group>"; };
		CBF22C182077963800DF1EF6 /* NSString+Format.h */ = {isa = PBXFileReference; lastKnownFileType = sourcecode.c.h; path = "NSString+Format.h"; sourceTree = "<group>"; };
		CBF22C192077963800DF1EF6 /* NSString+Format.m */ = {isa = PBXFileReference; lastKnownFileType = sourcecode.c.objc; path = "NSString+Format.m"; sourceTree = "<group>"; };
		CBF22C1B20779E7A00DF1EF6 /* NSString+URLEncode.h */ = {isa = PBXFileReference; lastKnownFileType = sourcecode.c.h; path = "NSString+URLEncode.h"; sourceTree = "<group>"; };
		CBF22C1C20779E7A00DF1EF6 /* NSString+URLEncode.m */ = {isa = PBXFileReference; lastKnownFileType = sourcecode.c.objc; path = "NSString+URLEncode.m"; sourceTree = "<group>"; };
		CBF22C1E207828E500DF1EF6 /* NSDictionary+URLEncodedString.h */ = {isa = PBXFileReference; lastKnownFileType = sourcecode.c.h; path = "NSDictionary+URLEncodedString.h"; sourceTree = "<group>"; };
		CBF22C1F207828E500DF1EF6 /* NSDictionary+URLEncodedString.m */ = {isa = PBXFileReference; lastKnownFileType = sourcecode.c.objc; path = "NSDictionary+URLEncodedString.m"; sourceTree = "<group>"; };
		CBF22C22207835A300DF1EF6 /* BaseRequest.h */ = {isa = PBXFileReference; lastKnownFileType = sourcecode.c.h; path = BaseRequest.h; sourceTree = "<group>"; };
		CBF22C23207835A300DF1EF6 /* BaseRequest.m */ = {isa = PBXFileReference; lastKnownFileType = sourcecode.c.objc; path = BaseRequest.m; sourceTree = "<group>"; };
		CBF22C252078387F00DF1EF6 /* NSObject+NSDictionary.h */ = {isa = PBXFileReference; lastKnownFileType = sourcecode.c.h; path = "NSObject+NSDictionary.h"; sourceTree = "<group>"; };
		CBF22C262078387F00DF1EF6 /* NSObject+NSDictionary.m */ = {isa = PBXFileReference; lastKnownFileType = sourcecode.c.objc; path = "NSObject+NSDictionary.m"; sourceTree = "<group>"; };
		CBF22C282078397500DF1EF6 /* CharacterListRequest.h */ = {isa = PBXFileReference; lastKnownFileType = sourcecode.c.h; path = CharacterListRequest.h; sourceTree = "<group>"; };
		CBF22C292078397500DF1EF6 /* CharacterListRequest.m */ = {isa = PBXFileReference; lastKnownFileType = sourcecode.c.objc; path = CharacterListRequest.m; sourceTree = "<group>"; };
/* End PBXFileReference section */

/* Begin PBXFrameworksBuildPhase section */
		CB51FC7F20734A2F009303B4 /* Frameworks */ = {
			isa = PBXFrameworksBuildPhase;
			buildActionMask = 2147483647;
			files = (
			);
			runOnlyForDeploymentPostprocessing = 0;
		};
		CB51FC9D20734A2F009303B4 /* Frameworks */ = {
			isa = PBXFrameworksBuildPhase;
			buildActionMask = 2147483647;
			files = (
			);
			runOnlyForDeploymentPostprocessing = 0;
		};
		CB51FCA820734A2F009303B4 /* Frameworks */ = {
			isa = PBXFrameworksBuildPhase;
			buildActionMask = 2147483647;
			files = (
			);
			runOnlyForDeploymentPostprocessing = 0;
		};
/* End PBXFrameworksBuildPhase section */

/* Begin PBXGroup section */
		CB34CCEC20759A7E007AB7E6 /* DataController */ = {
			isa = PBXGroup;
			children = (
				CB34CCED20759ACA007AB7E6 /* CharacterDataController.h */,
				CB34CCEE20759ACA007AB7E6 /* CharacterDataController.m */,
				CB34CCF020759BBC007AB7E6 /* DataControllerProtocol.h */,
				CB34CD3720762E26007AB7E6 /* CharacterDetailDataController.h */,
				CB34CD3820762E26007AB7E6 /* CharacterDetailDataController.m */,
			);
			path = DataController;
			sourceTree = "<group>";
		};
		CB34CCF320759DD2007AB7E6 /* AsyncTask */ = {
			isa = PBXGroup;
			children = (
				CB34CCF720759E27007AB7E6 /* AsyncTaskManager.h */,
				CB34CCF820759E27007AB7E6 /* AsyncTaskManager.m */,
			);
			path = AsyncTask;
			sourceTree = "<group>";
		};
		CB34CCFA2075BEB7007AB7E6 /* View */ = {
			isa = PBXGroup;
			children = (
				CBF22C2B20784F3200DF1EF6 /* LPRefresh */,
				CB34CCFC2075BED4007AB7E6 /* LoadingView.h */,
				CB34CCFB2075BED4007AB7E6 /* LoadingView.m */,
			);
			path = View;
			sourceTree = "<group>";
		};
		CB34CD0A2075EA96007AB7E6 /* Animation */ = {
			isa = PBXGroup;
			children = (
				CB34CD0B2075EAB5007AB7E6 /* FlipPresentAnimationController.h */,
				CB34CD0C2075EAB5007AB7E6 /* FlipPresentAnimationController.m */,
			);
			path = Animation;
			sourceTree = "<group>";
		};
		CB34CD3D207684DE007AB7E6 /* DataProvider */ = {
			isa = PBXGroup;
			children = (
				CB34CD3E207684F6007AB7E6 /* FavouriteDataProvider.h */,
				CB34CD3F207684F6007AB7E6 /* FavouriteDataProvider.m */,
				CBC885E02078EC0D00B4615E /* CharacterDataProvider.h */,
				CBC885E12078EC0D00B4615E /* CharacterDataProvider.m */,
			);
			path = DataProvider;
			sourceTree = "<group>";
		};
		CB34CD4120768BB2007AB7E6 /* Constant */ = {
			isa = PBXGroup;
			children = (
				CB34CD4220768BC3007AB7E6 /* NotificationName.h */,
				CB34CD4320768BC3007AB7E6 /* NotificationName.m */,
			);
			path = Constant;
			sourceTree = "<group>";
		};
		CB51FC7920734A2F009303B4 = {
			isa = PBXGroup;
			children = (
				CB51FC8420734A2F009303B4 /* Marvel Comics */,
				CB51FCA320734A2F009303B4 /* Marvel ComicsTests */,
				CB51FCAE20734A2F009303B4 /* Marvel ComicsUITests */,
				CB51FC8320734A2F009303B4 /* Products */,
			);
			sourceTree = "<group>";
		};
		CB51FC8320734A2F009303B4 /* Products */ = {
			isa = PBXGroup;
			children = (
				CB51FC8220734A2F009303B4 /* Marvel Comics.app */,
				CB51FCA020734A2F009303B4 /* Marvel ComicsTests.xctest */,
				CB51FCAB20734A2F009303B4 /* Marvel ComicsUITests.xctest */,
			);
			name = Products;
			sourceTree = "<group>";
		};
		CB51FC8420734A2F009303B4 /* Marvel Comics */ = {
			isa = PBXGroup;
			children = (
				CBBC3B40207700510023C855 /* Config */,
				CB34CD4120768BB2007AB7E6 /* Constant */,
				CB34CD3D207684DE007AB7E6 /* DataProvider */,
				CB34CCEC20759A7E007AB7E6 /* DataController */,
				CB51FCEA20738C6C009303B4 /* Supporting Files */,
				CB51FCE2207380A5009303B4 /* RESTAPI */,
				CB51FCCB207350DF009303B4 /* MyLibrary */,
				CB51FCC220734CE7009303B4 /* ViewModel */,
				CB51FCC120734CE1009303B4 /* View */,
				CB51FCC020734CDB009303B4 /* Model */,
				CB51FCBD20734CB2009303B4 /* ViewController */,
				CB51FC8520734A2F009303B4 /* AppDelegate.h */,
				CB51FC8620734A2F009303B4 /* AppDelegate.m */,
				CB51FC9120734A2F009303B4 /* Main.storyboard */,
				CB51FC9420734A2F009303B4 /* Assets.xcassets */,
				CB51FC9620734A2F009303B4 /* LaunchScreen.storyboard */,
				CB51FC9920734A2F009303B4 /* Info.plist */,
				CB51FC9A20734A2F009303B4 /* main.m */,
				CB51FC8820734A2F009303B4 /* Marvel_Comics.xcdatamodeld */,
			);
			path = "Marvel Comics";
			sourceTree = "<group>";
		};
		CB51FCA320734A2F009303B4 /* Marvel ComicsTests */ = {
			isa = PBXGroup;
			children = (
				CB51FCA420734A2F009303B4 /* Marvel_ComicsTests.m */,
				CB51FCA620734A2F009303B4 /* Info.plist */,
			);
			path = "Marvel ComicsTests";
			sourceTree = "<group>";
		};
		CB51FCAE20734A2F009303B4 /* Marvel ComicsUITests */ = {
			isa = PBXGroup;
			children = (
				CB51FCAF20734A2F009303B4 /* Marvel_ComicsUITests.m */,
				CB51FCB120734A2F009303B4 /* Info.plist */,
			);
			path = "Marvel ComicsUITests";
			sourceTree = "<group>";
		};
		CB51FCBD20734CB2009303B4 /* ViewController */ = {
			isa = PBXGroup;
			children = (
				CB51FC8B20734A2F009303B4 /* MasterViewController.h */,
				CB51FC8C20734A2F009303B4 /* MasterViewController.m */,
				CB51FC8E20734A2F009303B4 /* DetailViewController.h */,
				CB51FC8F20734A2F009303B4 /* DetailViewController.m */,
				CBBC3B56207764300023C855 /* MasterViewController+Search.h */,
				CBBC3B57207764300023C855 /* MasterViewController+Search.m */,
			);
			path = ViewController;
			sourceTree = "<group>";
		};
		CB51FCBE20734CC0009303B4 /* Extension */ = {
			isa = PBXGroup;
			children = (
				CB51FD172074A839009303B4 /* NSString+MD5.h */,
				CB51FD182074A839009303B4 /* NSString+MD5.m */,
				CB34CCFE2075CD20007AB7E6 /* UIImage+Processing.h */,
				CB34CCFF2075CD20007AB7E6 /* UIImage+Processing.m */,
				CB34CD072075E669007AB7E6 /* UIActivityIndicatorView+Loading.h */,
				CB34CD082075E669007AB7E6 /* UIActivityIndicatorView+Loading.m */,
				CBF22C182077963800DF1EF6 /* NSString+Format.h */,
				CBF22C192077963800DF1EF6 /* NSString+Format.m */,
				CBF22C1B20779E7A00DF1EF6 /* NSString+URLEncode.h */,
				CBF22C1C20779E7A00DF1EF6 /* NSString+URLEncode.m */,
				CBF22C1E207828E500DF1EF6 /* NSDictionary+URLEncodedString.h */,
				CBF22C1F207828E500DF1EF6 /* NSDictionary+URLEncodedString.m */,
				CBF22C252078387F00DF1EF6 /* NSObject+NSDictionary.h */,
				CBF22C262078387F00DF1EF6 /* NSObject+NSDictionary.m */,
			);
			path = Extension;
			sourceTree = "<group>";
		};
		CB51FCBF20734CCE009303B4 /* Utility */ = {
			isa = PBXGroup;
			children = (
				CB51FCE620738C17009303B4 /* LogUtils.h */,
				CB51FCE720738C17009303B4 /* LogUtils.m */,
				CB34CD012075D514007AB7E6 /* UIUtils.h */,
				CB34CD022075D514007AB7E6 /* UIUtils.m */,
			);
			path = Utility;
			sourceTree = "<group>";
		};
		CB51FCC020734CDB009303B4 /* Model */ = {
			isa = PBXGroup;
			children = (
				CB51FD0320746506009303B4 /* MThumbnail.h */,
				CB51FD0420746506009303B4 /* MThumbnail.m */,
				CB51FD212074CFBA009303B4 /* MCharacter.h */,
				CB51FD222074CFBA009303B4 /* MCharacter.m */,
				CB51FD242074D0E6009303B4 /* MURL.h */,
				CB51FD252074D0E6009303B4 /* MURL.m */,
				CB51FD272074D1B5009303B4 /* MEvent.h */,
				CB51FD282074D1B5009303B4 /* MEvent.m */,
				CB51FD2A2074D1BF009303B4 /* MStory.h */,
				CB51FD2B2074D1BF009303B4 /* MStory.m */,
				CB51FD2D2074D1D0009303B4 /* MComic.h */,
				CB51FD2E2074D1D0009303B4 /* MComic.m */,
				CB51FD302074D225009303B4 /* MSeries.h */,
				CB51FD312074D225009303B4 /* MSeries.m */,
				CB51FD362074D655009303B4 /* MSummary.h */,
				CB51FD372074D655009303B4 /* MSummary.m */,
				CB51FD392074D79C009303B4 /* MStorySummary.h */,
				CB51FD3A2074D79C009303B4 /* MStorySummary.m */,
				CB51FD3C2074D7AA009303B4 /* MComicSummary.h */,
				CB51FD3D2074D7AA009303B4 /* MComicSummary.m */,
				CB51FD3F2074D7B7009303B4 /* MEventSummary.h */,
				CB51FD402074D7B7009303B4 /* MEventSummary.m */,
				CB51FD422074D7CD009303B4 /* MSeriesSummary.h */,
				CB51FD432074D7CD009303B4 /* MSeriesSummary.m */,
				CBC885DD2078C39300B4615E /* MMarvel.h */,
				CBC885DE2078C39300B4615E /* MMarvel.m */,
			);
			path = Model;
			sourceTree = "<group>";
		};
		CB51FCC120734CE1009303B4 /* View */ = {
			isa = PBXGroup;
			children = (
				CB35DA33207528B000440879 /* CharacterTableViewCell.h */,
				CB35DA34207528B000440879 /* CharacterTableViewCell.m */,
				CB35DA35207528B000440879 /* CharacterTableViewCell.xib */,
				CB34CD2F2076263E007AB7E6 /* ImageTitleTableViewCell.h */,
				CB34CD302076263E007AB7E6 /* ImageTitleTableViewCell.m */,
				CB34CD312076263E007AB7E6 /* ImageTitleTableViewCell.xib */,
			);
			path = View;
			sourceTree = "<group>";
		};
		CB51FCC220734CE7009303B4 /* ViewModel */ = {
			isa = PBXGroup;
			children = (
				CB35DA302075274A00440879 /* CharacterVM.h */,
				CB35DA312075274A00440879 /* CharacterVM.m */,
				CB34CD3420762C0B007AB7E6 /* ImageSubtitleVM.h */,
				CB34CD3520762C0B007AB7E6 /* ImageSubtitleVM.m */,
				CB34CD3A207634B2007AB7E6 /* GroupImageSubtitleVM.h */,
				CB34CD3B207634B2007AB7E6 /* GroupImageSubtitleVM.m */,
			);
			path = ViewModel;
			sourceTree = "<group>";
		};
		CB51FCC320734CF8009303B4 /* DataProvider */ = {
			isa = PBXGroup;
			children = (
				CB51FD062074654E009303B4 /* Cache */,
				CB51FCC420734DAC009303B4 /* NetProvider */,
			);
			path = DataProvider;
			sourceTree = "<group>";
		};
		CB51FCC420734DAC009303B4 /* NetProvider */ = {
			isa = PBXGroup;
			children = (
				CB51FCCF207352F7009303B4 /* Serialization */,
				CB51FCC520734DD8009303B4 /* NetProvider.h */,
				CB51FCC620734DD8009303B4 /* NetProvider.m */,
				CB51FCC820734F6E009303B4 /* RequestConfig.h */,
				CB51FCC920734F6E009303B4 /* RequestConfig.m */,
				CB51FCCC207352AE009303B4 /* LPHTTPSessionManager.h */,
				CB51FCCD207352AE009303B4 /* LPHTTPSessionManager.m */,
				CB51FCD9207365D3009303B4 /* HTTPMethod.h */,
				CB51FCDA207365D3009303B4 /* HTTPMethod.m */,
			);
			path = NetProvider;
			sourceTree = "<group>";
		};
		CB51FCCB207350DF009303B4 /* MyLibrary */ = {
			isa = PBXGroup;
			children = (
				CB34CD0A2075EA96007AB7E6 /* Animation */,
				CB34CCFA2075BEB7007AB7E6 /* View */,
				CB34CCF320759DD2007AB7E6 /* AsyncTask */,
				CB51FCF620745912009303B4 /* JSON2Model */,
				CB51FCBF20734CCE009303B4 /* Utility */,
				CB51FCC320734CF8009303B4 /* DataProvider */,
				CB51FCBE20734CC0009303B4 /* Extension */,
			);
			path = MyLibrary;
			sourceTree = "<group>";
		};
		CB51FCCF207352F7009303B4 /* Serialization */ = {
			isa = PBXGroup;
			children = (
				CB51FCD02073531B009303B4 /* LPHTTPRequestSerializer.h */,
				CB51FCD12073531B009303B4 /* LPHTTPRequestSerializer.m */,
				CB51FCD320735584009303B4 /* LPJSONRequestSerializer.h */,
				CB51FCD420735584009303B4 /* LPJSONRequestSerializer.m */,
				CB51FCDC20736B31009303B4 /* LPHTTPResponseSerializer.h */,
				CB51FCDD20736B31009303B4 /* LPHTTPResponseSerializer.m */,
				CB51FCDF20737604009303B4 /* LPJSONResponseSerializer.h */,
				CB51FCE020737604009303B4 /* LPJSONResponseSerializer.m */,
			);
			path = Serialization;
			sourceTree = "<group>";
		};
		CB51FCE2207380A5009303B4 /* RESTAPI */ = {
			isa = PBXGroup;
			children = (
				CBF22C212078357500DF1EF6 /* Request */,
				CB51FD1A2074CA42009303B4 /* Response */,
				CB51FCE3207380B8009303B4 /* RESTAPI.h */,
				CB51FCE4207380B8009303B4 /* RESTAPI.m */,
				CB51FD1420749151009303B4 /* MarvelNetProvider.h */,
				CB51FD1520749151009303B4 /* MarvelNetProvider.m */,
			);
			path = RESTAPI;
			sourceTree = "<group>";
		};
		CB51FCEA20738C6C009303B4 /* Supporting Files */ = {
			isa = PBXGroup;
			children = (
				CB51FCEB20738CA1009303B4 /* Marvel.pch */,
			);
			path = "Supporting Files";
			sourceTree = "<group>";
		};
		CB51FCF620745912009303B4 /* JSON2Model */ = {
			isa = PBXGroup;
			children = (
				CB51FCF72074592A009303B4 /* JSON2Model.h */,
				CB51FCFA20745B31009303B4 /* JSONUtils.h */,
				CB51FCFB20745B31009303B4 /* JSONUtils.m */,
				CB51FCFD20745D0E009303B4 /* NSString+JSON.h */,
				CB51FCFE20745D0E009303B4 /* NSString+JSON.m */,
				CB51FD0020745EDF009303B4 /* NSObject+JSON.h */,
				CB51FD0120745EDF009303B4 /* NSObject+JSON.m */,
			);
			path = JSON2Model;
			sourceTree = "<group>";
		};
		CB51FD062074654E009303B4 /* Cache */ = {
			isa = PBXGroup;
			children = (
				CB51FD0720746558009303B4 /* ImageCache */,
				CB51FD0B2074664C009303B4 /* AutoPurgeCache.h */,
				CB51FD0C2074664C009303B4 /* AutoPurgeCache.m */,
			);
			path = Cache;
			sourceTree = "<group>";
		};
		CB51FD0720746558009303B4 /* ImageCache */ = {
			isa = PBXGroup;
			children = (
				CB51FD082074656D009303B4 /* ImageCacheManager.h */,
				CB51FD092074656D009303B4 /* ImageCacheManager.m */,
				CB51FD1120746C9D009303B4 /* LPImageCache.h */,
				CB51FD1220746C9D009303B4 /* LPImageCache.m */,
				CBBC3B47207706FA0023C855 /* UIIMageView+LPImageCache.h */,
				CBBC3B48207706FA0023C855 /* UIIMageView+LPImageCache.m */,
				CBBC3B4A2077271B0023C855 /* LPWebImageOperation.h */,
				CBBC3B50207728CF0023C855 /* LPImageDownloader.h */,
				CBBC3B51207728CF0023C855 /* LPImageDownloader.m */,
				CBBC3B53207730580023C855 /* LPImageDownloadOperation.h */,
				CBBC3B54207730580023C855 /* LPImageDownloadOperation.m */,
			);
			path = ImageCache;
			sourceTree = "<group>";
		};
		CB51FD1A2074CA42009303B4 /* Response */ = {
			isa = PBXGroup;
			children = (
				CB51FD1B2074CA52009303B4 /* BaseResponse.h */,
				CB51FD1C2074CA52009303B4 /* BaseResponse.m */,
				CB51FD1E2074CB02009303B4 /* BaseResponseData.h */,
				CB51FD1F2074CB02009303B4 /* BaseResponseData.m */,
			);
			path = Response;
			sourceTree = "<group>";
		};
		CBBC3B40207700510023C855 /* Config */ = {
			isa = PBXGroup;
			children = (
				CBBC3B44207700890023C855 /* GlobalConfig.h */,
				CBBC3B45207700890023C855 /* GlobalConfig.m */,
			);
			path = Config;
			sourceTree = "<group>";
		};
		CBF22C212078357500DF1EF6 /* Request */ = {
			isa = PBXGroup;
			children = (
				CBF22C22207835A300DF1EF6 /* BaseRequest.h */,
				CBF22C23207835A300DF1EF6 /* BaseRequest.m */,
				CBF22C282078397500DF1EF6 /* CharacterListRequest.h */,
				CBF22C292078397500DF1EF6 /* CharacterListRequest.m */,
			);
			path = Request;
			sourceTree = "<group>";
		};
		CBF22C2B20784F3200DF1EF6 /* LPRefresh */ = {
			isa = PBXGroup;
			children = (
			);
			path = LPRefresh;
			sourceTree = "<group>";
		};
/* End PBXGroup section */

/* Begin PBXNativeTarget section */
		CB51FC8120734A2F009303B4 /* Marvel Comics */ = {
			isa = PBXNativeTarget;
			buildConfigurationList = CB51FCB420734A2F009303B4 /* Build configuration list for PBXNativeTarget "Marvel Comics" */;
			buildPhases = (
				CB51FC7E20734A2F009303B4 /* Sources */,
				CB51FC7F20734A2F009303B4 /* Frameworks */,
				CB51FC8020734A2F009303B4 /* Resources */,
			);
			buildRules = (
			);
			dependencies = (
			);
			name = "Marvel Comics";
			productName = "Marvel Comics";
			productReference = CB51FC8220734A2F009303B4 /* Marvel Comics.app */;
			productType = "com.apple.product-type.application";
		};
		CB51FC9F20734A2F009303B4 /* Marvel ComicsTests */ = {
			isa = PBXNativeTarget;
			buildConfigurationList = CB51FCB720734A2F009303B4 /* Build configuration list for PBXNativeTarget "Marvel ComicsTests" */;
			buildPhases = (
				CB51FC9C20734A2F009303B4 /* Sources */,
				CB51FC9D20734A2F009303B4 /* Frameworks */,
				CB51FC9E20734A2F009303B4 /* Resources */,
			);
			buildRules = (
			);
			dependencies = (
				CB51FCA220734A2F009303B4 /* PBXTargetDependency */,
			);
			name = "Marvel ComicsTests";
			productName = "Marvel ComicsTests";
			productReference = CB51FCA020734A2F009303B4 /* Marvel ComicsTests.xctest */;
			productType = "com.apple.product-type.bundle.unit-test";
		};
		CB51FCAA20734A2F009303B4 /* Marvel ComicsUITests */ = {
			isa = PBXNativeTarget;
			buildConfigurationList = CB51FCBA20734A2F009303B4 /* Build configuration list for PBXNativeTarget "Marvel ComicsUITests" */;
			buildPhases = (
				CB51FCA720734A2F009303B4 /* Sources */,
				CB51FCA820734A2F009303B4 /* Frameworks */,
				CB51FCA920734A2F009303B4 /* Resources */,
			);
			buildRules = (
			);
			dependencies = (
				CB51FCAD20734A2F009303B4 /* PBXTargetDependency */,
			);
			name = "Marvel ComicsUITests";
			productName = "Marvel ComicsUITests";
			productReference = CB51FCAB20734A2F009303B4 /* Marvel ComicsUITests.xctest */;
			productType = "com.apple.product-type.bundle.ui-testing";
		};
/* End PBXNativeTarget section */

/* Begin PBXProject section */
		CB51FC7A20734A2F009303B4 /* Project object */ = {
			isa = PBXProject;
			attributes = {
				LastUpgradeCheck = 0920;
				ORGANIZATIONNAME = "Liu PingAn";
				TargetAttributes = {
					CB51FC8120734A2F009303B4 = {
						CreatedOnToolsVersion = 9.2;
						ProvisioningStyle = Automatic;
					};
					CB51FC9F20734A2F009303B4 = {
						CreatedOnToolsVersion = 9.2;
						ProvisioningStyle = Automatic;
						TestTargetID = CB51FC8120734A2F009303B4;
					};
					CB51FCAA20734A2F009303B4 = {
						CreatedOnToolsVersion = 9.2;
						ProvisioningStyle = Automatic;
						TestTargetID = CB51FC8120734A2F009303B4;
					};
				};
			};
			buildConfigurationList = CB51FC7D20734A2F009303B4 /* Build configuration list for PBXProject "Marvel Comics" */;
			compatibilityVersion = "Xcode 8.0";
			developmentRegion = en;
			hasScannedForEncodings = 0;
			knownRegions = (
				en,
				Base,
			);
			mainGroup = CB51FC7920734A2F009303B4;
			productRefGroup = CB51FC8320734A2F009303B4 /* Products */;
			projectDirPath = "";
			projectRoot = "";
			targets = (
				CB51FC8120734A2F009303B4 /* Marvel Comics */,
				CB51FC9F20734A2F009303B4 /* Marvel ComicsTests */,
				CB51FCAA20734A2F009303B4 /* Marvel ComicsUITests */,
			);
		};
/* End PBXProject section */

/* Begin PBXResourcesBuildPhase section */
		CB51FC8020734A2F009303B4 /* Resources */ = {
			isa = PBXResourcesBuildPhase;
			buildActionMask = 2147483647;
			files = (
				CB51FC9820734A2F009303B4 /* LaunchScreen.storyboard in Resources */,
				CB51FC9520734A2F009303B4 /* Assets.xcassets in Resources */,
				CB34CD332076263E007AB7E6 /* ImageTitleTableViewCell.xib in Resources */,
				CB51FC9320734A2F009303B4 /* Main.storyboard in Resources */,
				CB35DA37207528B000440879 /* CharacterTableViewCell.xib in Resources */,
			);
			runOnlyForDeploymentPostprocessing = 0;
		};
		CB51FC9E20734A2F009303B4 /* Resources */ = {
			isa = PBXResourcesBuildPhase;
			buildActionMask = 2147483647;
			files = (
			);
			runOnlyForDeploymentPostprocessing = 0;
		};
		CB51FCA920734A2F009303B4 /* Resources */ = {
			isa = PBXResourcesBuildPhase;
			buildActionMask = 2147483647;
			files = (
			);
			runOnlyForDeploymentPostprocessing = 0;
		};
/* End PBXResourcesBuildPhase section */

/* Begin PBXSourcesBuildPhase section */
		CB51FC7E20734A2F009303B4 /* Sources */ = {
			isa = PBXSourcesBuildPhase;
			buildActionMask = 2147483647;
			files = (
				CB34CD322076263E007AB7E6 /* ImageTitleTableViewCell.m in Sources */,
				CB51FCE5207380B8009303B4 /* RESTAPI.m in Sources */,
				CB35DA36207528B000440879 /* CharacterTableViewCell.m in Sources */,
				CB34CD40207684F6007AB7E6 /* FavouriteDataProvider.m in Sources */,
				CB51FD2C2074D1BF009303B4 /* MStory.m in Sources */,
				CB51FCC720734DD8009303B4 /* NetProvider.m in Sources */,
				CB51FCE120737604009303B4 /* LPJSONResponseSerializer.m in Sources */,
				CB51FD322074D225009303B4 /* MSeries.m in Sources */,
				CB51FCDE20736B31009303B4 /* LPHTTPResponseSerializer.m in Sources */,
				CB51FC9B20734A2F009303B4 /* main.m in Sources */,
				CB51FCD22073531B009303B4 /* LPHTTPRequestSerializer.m in Sources */,
				CB34CD3C207634B2007AB7E6 /* GroupImageSubtitleVM.m in Sources */,
				CB51FCD520735584009303B4 /* LPJSONRequestSerializer.m in Sources */,
				CB51FD2F2074D1D1009303B4 /* MComic.m in Sources */,
				CB35DA322075274A00440879 /* CharacterVM.m in Sources */,
				CB51FC8A20734A2F009303B4 /* Marvel_Comics.xcdatamodeld in Sources */,
				CBF22C1D20779E7A00DF1EF6 /* NSString+URLEncode.m in Sources */,
				CBF22C1A2077963800DF1EF6 /* NSString+Format.m in Sources */,
				CB34CD3920762E26007AB7E6 /* CharacterDetailDataController.m in Sources */,
				CBBC3B46207700890023C855 /* GlobalConfig.m in Sources */,
				CB51FD3E2074D7AA009303B4 /* MComicSummary.m in Sources */,
				CB51FD0520746506009303B4 /* MThumbnail.m in Sources */,
				CB51FD1620749151009303B4 /* MarvelNetProvider.m in Sources */,
				CB51FCFF20745D0E009303B4 /* NSString+JSON.m in Sources */,
				CBC885DF2078C39300B4615E /* MMarvel.m in Sources */,
				CBC885E22078EC0D00B4615E /* CharacterDataProvider.m in Sources */,
				CB51FD232074CFBA009303B4 /* MCharacter.m in Sources */,
				CB51FD1D2074CA52009303B4 /* BaseResponse.m in Sources */,
				CB34CD032075D514007AB7E6 /* UIUtils.m in Sources */,
				CB34CCF920759E27007AB7E6 /* AsyncTaskManager.m in Sources */,
				CBF22C20207828E500DF1EF6 /* NSDictionary+URLEncodedString.m in Sources */,
				CB51FD0D2074664C009303B4 /* AutoPurgeCache.m in Sources */,
				CBF22C272078387F00DF1EF6 /* NSObject+NSDictionary.m in Sources */,
				CB51FCCA20734F6E009303B4 /* RequestConfig.m in Sources */,
				CB51FD412074D7B7009303B4 /* MEventSummary.m in Sources */,
				CB51FCCE207352AE009303B4 /* LPHTTPSessionManager.m in Sources */,
				CB51FCDB207365D3009303B4 /* HTTPMethod.m in Sources */,
				CB51FD292074D1B5009303B4 /* MEvent.m in Sources */,
				CB51FD0220745EDF009303B4 /* NSObject+JSON.m in Sources */,
				CB51FCE820738C17009303B4 /* LogUtils.m in Sources */,
				CB34CD4420768BC3007AB7E6 /* NotificationName.m in Sources */,
				CB34CD3620762C0B007AB7E6 /* ImageSubtitleVM.m in Sources */,
				CB51FD262074D0E6009303B4 /* MURL.m in Sources */,
				CB51FC8D20734A2F009303B4 /* MasterViewController.m in Sources */,
				CB51FCFC20745B31009303B4 /* JSONUtils.m in Sources */,
				CBBC3B49207706FA0023C855 /* UIIMageView+LPImageCache.m in Sources */,
				CB34CD092075E669007AB7E6 /* UIActivityIndicatorView+Loading.m in Sources */,
				CB51FD192074A839009303B4 /* NSString+MD5.m in Sources */,
				CBBC3B52207728CF0023C855 /* LPImageDownloader.m in Sources */,
				CB51FD0A2074656D009303B4 /* ImageCacheManager.m in Sources */,
				CB51FD382074D655009303B4 /* MSummary.m in Sources */,
				CBBC3B58207764300023C855 /* MasterViewController+Search.m in Sources */,
				CBF22C24207835A300DF1EF6 /* BaseRequest.m in Sources */,
				CBF22C2A2078397500DF1EF6 /* CharacterListRequest.m in Sources */,
				CBBC3B55207730580023C855 /* LPImageDownloadOperation.m in Sources */,
				CB51FD1320746C9D009303B4 /* LPImageCache.m in Sources */,
				CB34CD002075CD20007AB7E6 /* UIImage+Processing.m in Sources */,
				CB51FD442074D7CD009303B4 /* MSeriesSummary.m in Sources */,
				CB51FD3B2074D79C009303B4 /* MStorySummary.m in Sources */,
				CB34CD0D2075EAB5007AB7E6 /* FlipPresentAnimationController.m in Sources */,
				CB34CCFD2075BED4007AB7E6 /* LoadingView.m in Sources */,
				CB51FD202074CB02009303B4 /* BaseResponseData.m in Sources */,
				CB51FC8720734A2F009303B4 /* AppDelegate.m in Sources */,
				CB51FC9020734A2F009303B4 /* DetailViewController.m in Sources */,
				CB34CCEF20759ACA007AB7E6 /* CharacterDataController.m in Sources */,
			);
			runOnlyForDeploymentPostprocessing = 0;
		};
		CB51FC9C20734A2F009303B4 /* Sources */ = {
			isa = PBXSourcesBuildPhase;
			buildActionMask = 2147483647;
			files = (
				CB51FCA520734A2F009303B4 /* Marvel_ComicsTests.m in Sources */,
			);
			runOnlyForDeploymentPostprocessing = 0;
		};
		CB51FCA720734A2F009303B4 /* Sources */ = {
			isa = PBXSourcesBuildPhase;
			buildActionMask = 2147483647;
			files = (
				CB51FCB020734A2F009303B4 /* Marvel_ComicsUITests.m in Sources */,
			);
			runOnlyForDeploymentPostprocessing = 0;
		};
/* End PBXSourcesBuildPhase section */

/* Begin PBXTargetDependency section */
		CB51FCA220734A2F009303B4 /* PBXTargetDependency */ = {
			isa = PBXTargetDependency;
			target = CB51FC8120734A2F009303B4 /* Marvel Comics */;
			targetProxy = CB51FCA120734A2F009303B4 /* PBXContainerItemProxy */;
		};
		CB51FCAD20734A2F009303B4 /* PBXTargetDependency */ = {
			isa = PBXTargetDependency;
			target = CB51FC8120734A2F009303B4 /* Marvel Comics */;
			targetProxy = CB51FCAC20734A2F009303B4 /* PBXContainerItemProxy */;
		};
/* End PBXTargetDependency section */

/* Begin PBXVariantGroup section */
		CB51FC9120734A2F009303B4 /* Main.storyboard */ = {
			isa = PBXVariantGroup;
			children = (
				CB51FC9220734A2F009303B4 /* Base */,
			);
			name = Main.storyboard;
			sourceTree = "<group>";
		};
		CB51FC9620734A2F009303B4 /* LaunchScreen.storyboard */ = {
			isa = PBXVariantGroup;
			children = (
				CB51FC9720734A2F009303B4 /* Base */,
			);
			name = LaunchScreen.storyboard;
			sourceTree = "<group>";
		};
/* End PBXVariantGroup section */

/* Begin XCBuildConfiguration section */
		CB51FCB220734A2F009303B4 /* Debug */ = {
			isa = XCBuildConfiguration;
			buildSettings = {
				ALWAYS_SEARCH_USER_PATHS = NO;
				CLANG_ANALYZER_NONNULL = YES;
				CLANG_ANALYZER_NUMBER_OBJECT_CONVERSION = YES_AGGRESSIVE;
				CLANG_CXX_LANGUAGE_STANDARD = "gnu++14";
				CLANG_CXX_LIBRARY = "libc++";
				CLANG_ENABLE_MODULES = YES;
				CLANG_ENABLE_OBJC_ARC = YES;
				CLANG_WARN_BLOCK_CAPTURE_AUTORELEASING = YES;
				CLANG_WARN_BOOL_CONVERSION = YES;
				CLANG_WARN_COMMA = YES;
				CLANG_WARN_CONSTANT_CONVERSION = YES;
				CLANG_WARN_DIRECT_OBJC_ISA_USAGE = YES_ERROR;
				CLANG_WARN_DOCUMENTATION_COMMENTS = YES;
				CLANG_WARN_EMPTY_BODY = YES;
				CLANG_WARN_ENUM_CONVERSION = YES;
				CLANG_WARN_INFINITE_RECURSION = YES;
				CLANG_WARN_INT_CONVERSION = YES;
				CLANG_WARN_NON_LITERAL_NULL_CONVERSION = YES;
				CLANG_WARN_OBJC_LITERAL_CONVERSION = YES;
				CLANG_WARN_OBJC_ROOT_CLASS = YES_ERROR;
				CLANG_WARN_RANGE_LOOP_ANALYSIS = YES;
				CLANG_WARN_STRICT_PROTOTYPES = YES;
				CLANG_WARN_SUSPICIOUS_MOVE = YES;
				CLANG_WARN_UNGUARDED_AVAILABILITY = YES_AGGRESSIVE;
				CLANG_WARN_UNREACHABLE_CODE = YES;
				CLANG_WARN__DUPLICATE_METHOD_MATCH = YES;
				CODE_SIGN_IDENTITY = "iPhone Developer";
				COPY_PHASE_STRIP = NO;
				DEBUG_INFORMATION_FORMAT = dwarf;
				ENABLE_STRICT_OBJC_MSGSEND = YES;
				ENABLE_TESTABILITY = YES;
				GCC_C_LANGUAGE_STANDARD = gnu11;
				GCC_DYNAMIC_NO_PIC = NO;
				GCC_NO_COMMON_BLOCKS = YES;
				GCC_OPTIMIZATION_LEVEL = 0;
				GCC_PREPROCESSOR_DEFINITIONS = (
					"DEBUG=1",
					"$(inherited)",
				);
				GCC_WARN_64_TO_32_BIT_CONVERSION = YES;
				GCC_WARN_ABOUT_RETURN_TYPE = YES_ERROR;
				GCC_WARN_UNDECLARED_SELECTOR = YES;
				GCC_WARN_UNINITIALIZED_AUTOS = YES_AGGRESSIVE;
				GCC_WARN_UNUSED_FUNCTION = YES;
				GCC_WARN_UNUSED_VARIABLE = YES;
				IPHONEOS_DEPLOYMENT_TARGET = 11.2;
				MTL_ENABLE_DEBUG_INFO = YES;
				ONLY_ACTIVE_ARCH = YES;
				SDKROOT = iphoneos;
			};
			name = Debug;
		};
		CB51FCB320734A2F009303B4 /* Release */ = {
			isa = XCBuildConfiguration;
			buildSettings = {
				ALWAYS_SEARCH_USER_PATHS = NO;
				CLANG_ANALYZER_NONNULL = YES;
				CLANG_ANALYZER_NUMBER_OBJECT_CONVERSION = YES_AGGRESSIVE;
				CLANG_CXX_LANGUAGE_STANDARD = "gnu++14";
				CLANG_CXX_LIBRARY = "libc++";
				CLANG_ENABLE_MODULES = YES;
				CLANG_ENABLE_OBJC_ARC = YES;
				CLANG_WARN_BLOCK_CAPTURE_AUTORELEASING = YES;
				CLANG_WARN_BOOL_CONVERSION = YES;
				CLANG_WARN_COMMA = YES;
				CLANG_WARN_CONSTANT_CONVERSION = YES;
				CLANG_WARN_DIRECT_OBJC_ISA_USAGE = YES_ERROR;
				CLANG_WARN_DOCUMENTATION_COMMENTS = YES;
				CLANG_WARN_EMPTY_BODY = YES;
				CLANG_WARN_ENUM_CONVERSION = YES;
				CLANG_WARN_INFINITE_RECURSION = YES;
				CLANG_WARN_INT_CONVERSION = YES;
				CLANG_WARN_NON_LITERAL_NULL_CONVERSION = YES;
				CLANG_WARN_OBJC_LITERAL_CONVERSION = YES;
				CLANG_WARN_OBJC_ROOT_CLASS = YES_ERROR;
				CLANG_WARN_RANGE_LOOP_ANALYSIS = YES;
				CLANG_WARN_STRICT_PROTOTYPES = YES;
				CLANG_WARN_SUSPICIOUS_MOVE = YES;
				CLANG_WARN_UNGUARDED_AVAILABILITY = YES_AGGRESSIVE;
				CLANG_WARN_UNREACHABLE_CODE = YES;
				CLANG_WARN__DUPLICATE_METHOD_MATCH = YES;
				CODE_SIGN_IDENTITY = "iPhone Developer";
				COPY_PHASE_STRIP = NO;
				DEBUG_INFORMATION_FORMAT = "dwarf-with-dsym";
				ENABLE_NS_ASSERTIONS = NO;
				ENABLE_STRICT_OBJC_MSGSEND = YES;
				GCC_C_LANGUAGE_STANDARD = gnu11;
				GCC_NO_COMMON_BLOCKS = YES;
				GCC_WARN_64_TO_32_BIT_CONVERSION = YES;
				GCC_WARN_ABOUT_RETURN_TYPE = YES_ERROR;
				GCC_WARN_UNDECLARED_SELECTOR = YES;
				GCC_WARN_UNINITIALIZED_AUTOS = YES_AGGRESSIVE;
				GCC_WARN_UNUSED_FUNCTION = YES;
				GCC_WARN_UNUSED_VARIABLE = YES;
				IPHONEOS_DEPLOYMENT_TARGET = 11.2;
				MTL_ENABLE_DEBUG_INFO = NO;
				SDKROOT = iphoneos;
				VALIDATE_PRODUCT = YES;
			};
			name = Release;
		};
		CB51FCB520734A2F009303B4 /* Debug */ = {
			isa = XCBuildConfiguration;
			buildSettings = {
				ASSETCATALOG_COMPILER_APPICON_NAME = AppIcon;
				CODE_SIGN_STYLE = Automatic;
				DEVELOPMENT_TEAM = 2A2G9N54ZA;
				GCC_PREFIX_HEADER = "Marvel Comics/Supporting Files/Marvel.pch";
				INFOPLIST_FILE = "Marvel Comics/Info.plist";
				LD_RUNPATH_SEARCH_PATHS = "$(inherited) @executable_path/Frameworks";
				PRODUCT_BUNDLE_IDENTIFIER = "cn.com.chaser.Marvel-Comics";
				PRODUCT_NAME = "$(TARGET_NAME)";
				TARGETED_DEVICE_FAMILY = "1,2";
			};
			name = Debug;
		};
		CB51FCB620734A2F009303B4 /* Release */ = {
			isa = XCBuildConfiguration;
			buildSettings = {
				ASSETCATALOG_COMPILER_APPICON_NAME = AppIcon;
				CODE_SIGN_STYLE = Automatic;
				DEVELOPMENT_TEAM = 2A2G9N54ZA;
				GCC_PREFIX_HEADER = "Marvel Comics/Supporting Files/Marvel.pch";
				INFOPLIST_FILE = "Marvel Comics/Info.plist";
				LD_RUNPATH_SEARCH_PATHS = "$(inherited) @executable_path/Frameworks";
				PRODUCT_BUNDLE_IDENTIFIER = "cn.com.chaser.Marvel-Comics";
				PRODUCT_NAME = "$(TARGET_NAME)";
				TARGETED_DEVICE_FAMILY = "1,2";
			};
			name = Release;
		};
		CB51FCB820734A2F009303B4 /* Debug */ = {
			isa = XCBuildConfiguration;
			buildSettings = {
				BUNDLE_LOADER = "$(TEST_HOST)";
				CODE_SIGN_STYLE = Automatic;
				DEVELOPMENT_TEAM = 2A2G9N54ZA;
				INFOPLIST_FILE = "Marvel ComicsTests/Info.plist";
				LD_RUNPATH_SEARCH_PATHS = "$(inherited) @executable_path/Frameworks @loader_path/Frameworks";
				PRODUCT_BUNDLE_IDENTIFIER = "cn.com.chaser.Marvel-ComicsTests";
				PRODUCT_NAME = "$(TARGET_NAME)";
				TARGETED_DEVICE_FAMILY = "1,2";
				TEST_HOST = "$(BUILT_PRODUCTS_DIR)/Marvel Comics.app/Marvel Comics";
			};
			name = Debug;
		};
		CB51FCB920734A2F009303B4 /* Release */ = {
			isa = XCBuildConfiguration;
			buildSettings = {
				BUNDLE_LOADER = "$(TEST_HOST)";
				CODE_SIGN_STYLE = Automatic;
				DEVELOPMENT_TEAM = 2A2G9N54ZA;
				INFOPLIST_FILE = "Marvel ComicsTests/Info.plist";
				LD_RUNPATH_SEARCH_PATHS = "$(inherited) @executable_path/Frameworks @loader_path/Frameworks";
				PRODUCT_BUNDLE_IDENTIFIER = "cn.com.chaser.Marvel-ComicsTests";
				PRODUCT_NAME = "$(TARGET_NAME)";
				TARGETED_DEVICE_FAMILY = "1,2";
				TEST_HOST = "$(BUILT_PRODUCTS_DIR)/Marvel Comics.app/Marvel Comics";
			};
			name = Release;
		};
		CB51FCBB20734A2F009303B4 /* Debug */ = {
			isa = XCBuildConfiguration;
			buildSettings = {
				CODE_SIGN_STYLE = Automatic;
				DEVELOPMENT_TEAM = 2A2G9N54ZA;
				INFOPLIST_FILE = "Marvel ComicsUITests/Info.plist";
				LD_RUNPATH_SEARCH_PATHS = "$(inherited) @executable_path/Frameworks @loader_path/Frameworks";
				PRODUCT_BUNDLE_IDENTIFIER = "cn.com.chaser.Marvel-ComicsUITests";
				PRODUCT_NAME = "$(TARGET_NAME)";
				TARGETED_DEVICE_FAMILY = "1,2";
				TEST_TARGET_NAME = "Marvel Comics";
			};
			name = Debug;
		};
		CB51FCBC20734A2F009303B4 /* Release */ = {
			isa = XCBuildConfiguration;
			buildSettings = {
				CODE_SIGN_STYLE = Automatic;
				DEVELOPMENT_TEAM = 2A2G9N54ZA;
				INFOPLIST_FILE = "Marvel ComicsUITests/Info.plist";
				LD_RUNPATH_SEARCH_PATHS = "$(inherited) @executable_path/Frameworks @loader_path/Frameworks";
				PRODUCT_BUNDLE_IDENTIFIER = "cn.com.chaser.Marvel-ComicsUITests";
				PRODUCT_NAME = "$(TARGET_NAME)";
				TARGETED_DEVICE_FAMILY = "1,2";
				TEST_TARGET_NAME = "Marvel Comics";
			};
			name = Release;
		};
/* End XCBuildConfiguration section */

/* Begin XCConfigurationList section */
		CB51FC7D20734A2F009303B4 /* Build configuration list for PBXProject "Marvel Comics" */ = {
			isa = XCConfigurationList;
			buildConfigurations = (
				CB51FCB220734A2F009303B4 /* Debug */,
				CB51FCB320734A2F009303B4 /* Release */,
			);
			defaultConfigurationIsVisible = 0;
			defaultConfigurationName = Release;
		};
		CB51FCB420734A2F009303B4 /* Build configuration list for PBXNativeTarget "Marvel Comics" */ = {
			isa = XCConfigurationList;
			buildConfigurations = (
				CB51FCB520734A2F009303B4 /* Debug */,
				CB51FCB620734A2F009303B4 /* Release */,
			);
			defaultConfigurationIsVisible = 0;
			defaultConfigurationName = Release;
		};
		CB51FCB720734A2F009303B4 /* Build configuration list for PBXNativeTarget "Marvel ComicsTests" */ = {
			isa = XCConfigurationList;
			buildConfigurations = (
				CB51FCB820734A2F009303B4 /* Debug */,
				CB51FCB920734A2F009303B4 /* Release */,
			);
			defaultConfigurationIsVisible = 0;
			defaultConfigurationName = Release;
		};
		CB51FCBA20734A2F009303B4 /* Build configuration list for PBXNativeTarget "Marvel ComicsUITests" */ = {
			isa = XCConfigurationList;
			buildConfigurations = (
				CB51FCBB20734A2F009303B4 /* Debug */,
				CB51FCBC20734A2F009303B4 /* Release */,
			);
			defaultConfigurationIsVisible = 0;
			defaultConfigurationName = Release;
		};
/* End XCConfigurationList section */

/* Begin XCVersionGroup section */
		CB51FC8820734A2F009303B4 /* Marvel_Comics.xcdatamodeld */ = {
			isa = XCVersionGroup;
			children = (
				CB51FC8920734A2F009303B4 /* Marvel_Comics.xcdatamodel */,
			);
			currentVersion = CB51FC8920734A2F009303B4 /* Marvel_Comics.xcdatamodel */;
			path = Marvel_Comics.xcdatamodeld;
			sourceTree = "<group>";
			versionGroupType = wrapper.xcdatamodel;
		};
/* End XCVersionGroup section */
	};
	rootObject = CB51FC7A20734A2F009303B4 /* Project object */;
}
